<?xml version="1.0" encoding="utf-8"?>
<Project ToolsVersion="4.0" xmlns="http://schemas.microsoft.com/developer/msbuild/2003">
  <ItemGroup>
    <Filter Include="src">
      <UniqueIdentifier>{942097ad-f9d3-4b0b-b25b-afee933c7fd2}</UniqueIdentifier>
    </Filter>
    <Filter Include="src\main">
      <UniqueIdentifier>{5024b251-6cba-447c-801e-41c2ac688f74}</UniqueIdentifier>
    </Filter>
    <Filter Include="shaders">
      <UniqueIdentifier>{08f2f465-d068-4297-b1c2-968defddd6c0}</UniqueIdentifier>
    </Filter>
    <Filter Include="src\grid">
      <UniqueIdentifier>{bb9ebd32-60c7-4f4f-aeb2-df9c6e85a4a1}</UniqueIdentifier>
    </Filter>
    <Filter Include="src\math">
      <UniqueIdentifier>{53603431-e5f4-41c1-b6a5-07d2d3e8e8b8}</UniqueIdentifier>
    </Filter>
    <Filter Include="src\util">
      <UniqueIdentifier>{715bfc45-ed8d-413f-9bde-c55365c5b42e}</UniqueIdentifier>
    </Filter>
    <Filter Include="src\tile">
      <UniqueIdentifier>{e17ff7fb-f6c1-4788-8b93-15e1af41f683}</UniqueIdentifier>
    </Filter>
    <Filter Include="src\container">
      <UniqueIdentifier>{2f53e365-03f7-4c40-93dd-98078e36f10c}</UniqueIdentifier>
    </Filter>
    <Filter Include="shaders\instanced_texture">
      <UniqueIdentifier>{50db73ec-77ff-4e53-a5ce-714c39568a6f}</UniqueIdentifier>
    </Filter>
    <Filter Include="src\engine">
      <UniqueIdentifier>{378facd1-d91f-4396-a9d2-65a674d9f90a}</UniqueIdentifier>
    </Filter>
    <Filter Include="src\engine\renderer">
      <UniqueIdentifier>{4d7a4b04-1185-445f-99e9-21c4468ac198}</UniqueIdentifier>
    </Filter>
    <Filter Include="src\engine\renderer\core">
      <UniqueIdentifier>{0e3d1417-e24f-40da-9d16-aeb84a56eda6}</UniqueIdentifier>
    </Filter>
    <Filter Include="src\engine\renderer\debug">
      <UniqueIdentifier>{7798303f-3786-4dd7-aee4-7e4ba3bab862}</UniqueIdentifier>
    </Filter>
    <Filter Include="src\engine\renderer\geometry">
      <UniqueIdentifier>{4da5ae5a-0018-4a25-8d17-4f52c053f0f4}</UniqueIdentifier>
    </Filter>
    <Filter Include="src\engine\renderer\texture">
      <UniqueIdentifier>{99b85a4f-fc9b-4bd3-8275-4fc69c05db34}</UniqueIdentifier>
    </Filter>
    <Filter Include="src\engine\renderer\shader">
      <UniqueIdentifier>{e9f99ed3-b0a5-4fa3-b302-9f9e0c72fc66}</UniqueIdentifier>
    </Filter>
    <Filter Include="src\engine\renderer\gui">
      <UniqueIdentifier>{20b9e80b-57a7-423b-8b7f-90a5b2476010}</UniqueIdentifier>
    </Filter>
    <Filter Include="src\engine\renderer\camera">
      <UniqueIdentifier>{1d84eaec-59b5-4c46-9346-75e95334ac99}</UniqueIdentifier>
    </Filter>
    <Filter Include="src\engine\renderer\queue">
      <UniqueIdentifier>{29950468-72b0-4785-9977-3b5c6187a4fe}</UniqueIdentifier>
    </Filter>
  </ItemGroup>
  <ItemGroup>
    <ClCompile Include="..\..\..\orion\src\main\orion.cpp">
      <Filter>src\main</Filter>
    </ClCompile>
    <ClCompile Include="..\..\..\orion\src\grid\grid.cpp">
      <Filter>src\grid</Filter>
    </ClCompile>
    <ClCompile Include="..\..\..\orion\src\grid\direction.cpp">
      <Filter>src\grid</Filter>
    </ClCompile>
    <ClCompile Include="..\..\..\orion\src\tile\tile.cpp">
      <Filter>src\tile</Filter>
    </ClCompile>
    <ClCompile Include="..\..\..\orion\src\tile\tile_def.cpp">
      <Filter>src\tile</Filter>
    </ClCompile>
    <ClCompile Include="..\..\..\orion\src\grid\rotation.cpp">
      <Filter>src\grid</Filter>
    </ClCompile>
    <ClCompile Include="..\..\..\orion\src\container\container.cpp">
      <Filter>src\container</Filter>
    </ClCompile>
    <ClCompile Include="..\..\..\orion\src\engine\renderer\core\renderer.cpp">
      <Filter>src\engine\renderer\core</Filter>
    </ClCompile>
    <ClCompile Include="..\..\..\orion\src\engine\renderer\debug\render_stats.cpp">
      <Filter>src\engine\renderer\debug</Filter>
    </ClCompile>
    <ClCompile Include="..\..\..\orion\src\engine\renderer\geometry\geometry_manager.cpp">
      <Filter>src\engine\renderer\geometry</Filter>
    </ClCompile>
    <ClCompile Include="..\..\..\orion\src\engine\renderer\shader\shader_manager.cpp">
      <Filter>src\engine\renderer\shader</Filter>
    </ClCompile>
    <ClCompile Include="..\..\..\orion\src\engine\renderer\texture\texture_manager.cpp">
      <Filter>src\engine\renderer\texture</Filter>
    </ClCompile>
    <ClCompile Include="..\..\..\orion\src\engine\renderer\gui\gui_manager.cpp">
      <Filter>src\engine\renderer\gui</Filter>
    </ClCompile>
    <ClCompile Include="..\..\..\orion\src\engine\renderer\geometry\vertex_definitions.cpp">
      <Filter>src\engine\renderer\geometry</Filter>
    </ClCompile>
    <ClCompile Include="..\..\..\orion\src\util\log.cpp">
      <Filter>src\util</Filter>
    </ClCompile>
    <ClCompile Include="..\..\..\orion\src\engine\renderer\camera\camera.cpp">
      <Filter>src\engine\renderer\camera</Filter>
    </ClCompile>
    <ClCompile Include="..\..\..\orion\src\engine\renderer\geometry\basic_mesh.cpp">
      <Filter>src\engine\renderer\geometry</Filter>
    </ClCompile>
    <ClCompile Include="..\..\..\orion\src\engine\renderer\queue\render_queue.cpp">
      <Filter>src\engine\renderer\queue</Filter>
    </ClCompile>
    <ClCompile Include="..\..\..\orion\src\engine\renderer\queue\render_config.cpp">
      <Filter>src\engine\renderer\queue</Filter>
    </ClCompile>
    <ClCompile Include="..\..\..\orion\src\engine\renderer\queue\render_slot.cpp">
      <Filter>src\engine\renderer\queue</Filter>
    </ClCompile>
  </ItemGroup>
  <ItemGroup>
    <ClInclude Include="..\..\..\orion\src\main\orion.h">
      <Filter>src\main</Filter>
    </ClInclude>
    <ClInclude Include="..\..\..\orion\src\grid\grid.h">
      <Filter>src\grid</Filter>
    </ClInclude>
    <ClInclude Include="..\..\..\orion\src\math\vec2.h">
      <Filter>src\math</Filter>
    </ClInclude>
    <ClInclude Include="..\..\..\orion\src\grid\direction.h">
      <Filter>src\grid</Filter>
    </ClInclude>
    <ClInclude Include="..\..\..\orion\src\grid\dir4.h">
      <Filter>src\grid</Filter>
    </ClInclude>
    <ClInclude Include="..\..\..\orion\src\grid\dir8.h">
      <Filter>src\grid</Filter>
    </ClInclude>
    <ClInclude Include="..\..\..\orion\src\util\func.h">
      <Filter>src\util</Filter>
    </ClInclude>
    <ClInclude Include="..\..\..\orion\src\tile\tile.h">
      <Filter>src\tile</Filter>
    </ClInclude>
    <ClInclude Include="..\..\..\orion\src\tile\tile_def.h">
      <Filter>src\tile</Filter>
    </ClInclude>
    <ClInclude Include="..\..\..\orion\src\grid\rotation.h">
      <Filter>src\grid</Filter>
    </ClInclude>
    <ClInclude Include="..\..\..\orion\src\grid\rot90.h">
      <Filter>src\grid</Filter>
    </ClInclude>
    <ClInclude Include="..\..\..\orion\src\util\types.h">
      <Filter>src\util</Filter>
    </ClInclude>
    <ClInclude Include="..\..\..\orion\src\container\container.h">
      <Filter>src\container</Filter>
    </ClInclude>
    <ClInclude Include="..\..\..\orion\src\grid\quadtree.h">
      <Filter>src\grid</Filter>
    </ClInclude>
    <ClInclude Include="..\..\..\orion\src\engine\renderer\core\renderer.h">
      <Filter>src\engine\renderer\core</Filter>
    </ClInclude>
    <ClInclude Include="..\..\..\orion\src\engine\renderer\debug\render_stats.h">
      <Filter>src\engine\renderer\debug</Filter>
    </ClInclude>
    <ClInclude Include="..\..\..\orion\src\engine\renderer\geometry\geometry_manager.h">
      <Filter>src\engine\renderer\geometry</Filter>
    </ClInclude>
    <ClInclude Include="..\..\..\orion\src\engine\renderer\shader\shader_manager.h">
      <Filter>src\engine\renderer\shader</Filter>
    </ClInclude>
    <ClInclude Include="..\..\..\orion\src\engine\renderer\texture\texture_manager.h">
      <Filter>src\engine\renderer\texture</Filter>
    </ClInclude>
    <ClInclude Include="..\..\..\orion\src\util\result_code.h">
      <Filter>src\util</Filter>
    </ClInclude>
    <ClInclude Include="..\..\..\orion\src\engine\renderer\gui\gui_manager.h">
      <Filter>src\engine\renderer\gui</Filter>
    </ClInclude>
    <ClInclude Include="..\..\..\orion\src\engine\renderer\geometry\vertex_definition_loader.h">
      <Filter>src\engine\renderer\geometry</Filter>
    </ClInclude>
    <ClInclude Include="..\..\..\orion\src\engine\renderer\geometry\vertex_definitions.h">
      <Filter>src\engine\renderer\geometry</Filter>
    </ClInclude>
    <ClInclude Include="..\..\..\orion\src\util\log.h">
      <Filter>src\util</Filter>
    </ClInclude>
    <ClInclude Include="..\..\..\orion\src\engine\renderer\core\renderer_input_state.h">
      <Filter>src\engine\renderer\core</Filter>
    </ClInclude>
    <ClInclude Include="..\..\..\orion\src\engine\renderer\camera\camera.h">
      <Filter>src\engine\renderer\camera</Filter>
    </ClInclude>
    <ClInclude Include="..\..\..\orion\src\engine\renderer\geometry\basic_mesh.h">
      <Filter>src\engine\renderer\geometry</Filter>
    </ClInclude>
    <ClInclude Include="..\..\..\orion\src\engine\renderer\queue\render_queue.h">
      <Filter>src\engine\renderer\queue</Filter>
    </ClInclude>
    <ClInclude Include="..\..\..\orion\src\engine\renderer\queue\render_config.h">
      <Filter>src\engine\renderer\queue</Filter>
    </ClInclude>
    <ClInclude Include="..\..\..\orion\src\engine\renderer\queue\render_slot.h">
      <Filter>src\engine\renderer\queue</Filter>
    </ClInclude>
  </ItemGroup>
  <ItemGroup>
    <None Include="..\..\..\orion\shaders\instanced_texture\fs_instanced_texture.sc">
      <Filter>shaders\instanced_texture</Filter>
    </None>
    <None Include="..\..\..\orion\shaders\instanced_texture\varying.def.sc">
      <Filter>shaders\instanced_texture</Filter>
    </None>
    <None Include="..\..\..\orion\shaders\instanced_texture\vs_instanced_texture.sc">
      <Filter>shaders\instanced_texture</Filter>
    </None>
  </ItemGroup>
</Project>