<?xml version="1.0" encoding="utf-8"?>
<Project ToolsVersion="4.0" xmlns="http://schemas.microsoft.com/developer/msbuild/2003">
  <ItemGroup>
    <Filter Include="src">
      <UniqueIdentifier>{942097ad-f9d3-4b0b-b25b-afee933c7fd2}</UniqueIdentifier>
    </Filter>
    <Filter Include="src\main">
      <UniqueIdentifier>{5024b251-6cba-447c-801e-41c2ac688f74}</UniqueIdentifier>
    </Filter>
    <Filter Include="shaders">
      <UniqueIdentifier>{08f2f465-d068-4297-b1c2-968defddd6c0}</UniqueIdentifier>
    </Filter>
    <Filter Include="shaders\src">
      <UniqueIdentifier>{50db73ec-77ff-4e53-a5ce-714c39568a6f}</UniqueIdentifier>
    </Filter>
    <Filter Include="shaders\bin">
      <UniqueIdentifier>{d210ab8d-aa63-4545-8cce-f15f9e1c00c9}</UniqueIdentifier>
    </Filter>
    <Filter Include="src\debug">
      <UniqueIdentifier>{7798303f-3786-4dd7-aee4-7e4ba3bab862}</UniqueIdentifier>
    </Filter>
    <Filter Include="src\grid">
      <UniqueIdentifier>{bb9ebd32-60c7-4f4f-aeb2-df9c6e85a4a1}</UniqueIdentifier>
    </Filter>
    <Filter Include="src\math">
      <UniqueIdentifier>{53603431-e5f4-41c1-b6a5-07d2d3e8e8b8}</UniqueIdentifier>
    </Filter>
    <Filter Include="src\util">
      <UniqueIdentifier>{715bfc45-ed8d-413f-9bde-c55365c5b42e}</UniqueIdentifier>
    </Filter>
  </ItemGroup>
  <ItemGroup>
    <ClCompile Include="..\..\..\orion\src\main\orion.cpp">
      <Filter>src\main</Filter>
    </ClCompile>
    <ClCompile Include="..\..\..\orion\src\debug\render_stats.cpp">
      <Filter>src\debug</Filter>
    </ClCompile>
    <ClCompile Include="..\..\..\orion\src\grid\grid.cpp">
      <Filter>src\grid</Filter>
    </ClCompile>
    <ClCompile Include="..\..\..\orion\src\grid\direction.cpp">
      <Filter>src\grid</Filter>
    </ClCompile>
  </ItemGroup>
  <ItemGroup>
    <ClInclude Include="..\..\..\orion\src\main\orion.h">
      <Filter>src\main</Filter>
    </ClInclude>
    <ClInclude Include="..\..\..\orion\src\debug\render_stats.h">
      <Filter>src\debug</Filter>
    </ClInclude>
    <ClInclude Include="..\..\..\orion\src\grid\grid.h">
      <Filter>src\grid</Filter>
    </ClInclude>
    <ClInclude Include="..\..\..\orion\src\math\vec2.h">
      <Filter>src\math</Filter>
    </ClInclude>
    <ClInclude Include="..\..\..\orion\src\grid\direction.h">
      <Filter>src\grid</Filter>
    </ClInclude>
    <ClInclude Include="..\..\..\orion\src\grid\dir4.h">
      <Filter>src\grid</Filter>
    </ClInclude>
    <ClInclude Include="..\..\..\orion\src\grid\dir8.h">
      <Filter>src\grid</Filter>
    </ClInclude>
    <ClInclude Include="..\..\..\orion\src\util\func.h">
      <Filter>src\util</Filter>
    </ClInclude>
  </ItemGroup>
</Project>